
Microsoft Visual Studio Solution File, Format Version 12.00
# Visual Studio Version 17
VisualStudioVersion = 17.0.31903.59
MinimumVisualStudioVersion = 10.0.40219.1
Project("{FAE04EC0-301F-11D3-BF4B-00C04F79EFBC}") = "HangfireDemo.Api", "HangfireDemo.Api\HangfireDemo.Api.csproj", "{88DF07CB-6101-4CA5-95DB-48CD77D3B08E}"
EndProject
Project("{FAE04EC0-301F-11D3-BF4B-00C04F79EFBC}") = "HangfireDemo.Jobs", "HangfireDemo.Jobs\HangfireDemo.Jobs.csproj", "{0B7034CB-65BF-40DB-A727-5FA253D4A122}"
EndProject
Project("{FAE04EC0-301F-11D3-BF4B-00C04F79EFBC}") = "HangfireDemo.Server", "HangfireDemo.Server\HangfireDemo.Server.csproj", "{BDB955EF-B9F4-41A9-A56A-5AE6D0E4BEC1}"
EndProject
Global
	GlobalSection(SolutionConfigurationPlatforms) = preSolution
		Debug|Any CPU = Debug|Any CPU
		Release|Any CPU = Release|Any CPU
	EndGlobalSection
	GlobalSection(SolutionProperties) = preSolution
		HideSolutionNode = FALSE
	EndGlobalSection
	GlobalSection(ProjectConfigurationPlatforms) = postSolution
		{88DF07CB-6101-4CA5-95DB-48CD77D3B08E}.Debug|Any CPU.ActiveCfg = Debug|Any CPU
		{88DF07CB-6101-4CA5-95DB-48CD77D3B08E}.Debug|Any CPU.Build.0 = Debug|Any CPU
		{88DF07CB-6101-4CA5-95DB-48CD77D3B08E}.Release|Any CPU.ActiveCfg = Release|Any CPU
		{88DF07CB-6101-4CA5-95DB-48CD77D3B08E}.Release|Any CPU.Build.0 = Release|Any CPU
		{0B7034CB-65BF-40DB-A727-5FA253D4A122}.Debug|Any CPU.ActiveCfg = Debug|Any CPU
		{0B7034CB-65BF-40DB-A727-5FA253D4A122}.Debug|Any CPU.Build.0 = Debug|Any CPU
		{0B7034CB-65BF-40DB-A727-5FA253D4A122}.Release|Any CPU.ActiveCfg = Release|Any CPU
		{0B7034CB-65BF-40DB-A727-5FA253D4A122}.Release|Any CPU.Build.0 = Release|Any CPU
		{BDB955EF-B9F4-41A9-A56A-5AE6D0E4BEC1}.Debug|Any CPU.ActiveCfg = Debug|Any CPU
		{BDB955EF-B9F4-41A9-A56A-5AE6D0E4BEC1}.Debug|Any CPU.Build.0 = Debug|Any CPU
		{BDB955EF-B9F4-41A9-A56A-5AE6D0E4BEC1}.Release|Any CPU.ActiveCfg = Release|Any CPU
		{BDB955EF-B9F4-41A9-A56A-5AE6D0E4BEC1}.Release|Any CPU.Build.0 = Release|Any CPU
	EndGlobalSection
EndGlobal
